{
  "name": "FullstackFinalProject",
  "lockfileVersion": 3,
  "requires": true,
  "packages": {
    "": {
      "dependencies": {
        "@sraz-sw/fullstack-shared": "^1.0.1"
      }
    },
    "node_modules/@sraz-sw/fullstack-shared": {
      "version": "1.0.1",
      "resolved": "https://registry.npmjs.org/@sraz-sw/fullstack-shared/-/fullstack-shared-1.0.1.tgz",
      "integrity": "sha512-CHwD0pURdmADR45SWSCNU0aa0CvQuHw8IWfiFInExqvxy7kWBr8lfgm2QwIV6biAj273SRmr5d32CjSjmk95lA==",
      "dependencies": {
        "zod": "^3.22.4"
      }
    },
    "node_modules/zod": {
      "version": "3.24.2",
      "resolved": "https://registry.npmjs.org/zod/-/zod-3.24.2.tgz",
      "integrity": "sha512-lY7CDW43ECgW9u1TcT3IoXHflywfVqDYze4waEz812jR/bZ8FHDsl7pFQoSZTz5N+2NqRXs8GBwnAwo3ZNxqhQ==",
      "license": "MIT",
      "funding": {
        "url": "https://github.com/sponsors/colinhacks"
      }
    }
  }
}
